
Microsoft Visual Studio Solution File, Format Version 12.00
Project("{FAE04EC0-301F-11D3-BF4B-00C04F79EFBC}") = "Katas", "src\Katas\Katas.csproj", "{82578572-111E-4200-AEFC-ED03F1F75FF8}"
EndProject
Project("{2150E333-8FDC-42A3-9474-1A3956D46DE8}") = "src", "src", "{2B57EEB0-3C21-4576-8E9B-E766A616023B}"
EndProject
Project("{FAE04EC0-301F-11D3-BF4B-00C04F79EFBC}") = "Katas.Tests", "src\Katas.Tests\Katas.Tests.csproj", "{EDF4556F-59F3-4250-94C2-D93ADEC027D9}"
EndProject
Project("{FAE04EC0-301F-11D3-BF4B-00C04F79EFBC}") = "TDDMicroExercises.Tests", "src\TDDMicroExercises.Tests\TDDMicroExercises.Tests.csproj", "{9082874F-CEC2-4689-9F79-C980A2ED33BC}"
EndProject
Project("{FAE04EC0-301F-11D3-BF4B-00C04F79EFBC}") = "TDDMicroExercises", "src\TDDMicroExercises\TDDMicroExercises.csproj", "{5671F9E1-361C-4541-8CC2-35041DC31B02}"
EndProject
Global
	GlobalSection(SolutionConfigurationPlatforms) = preSolution
		Debug|Any CPU = Debug|Any CPU
		Release|Any CPU = Release|Any CPU
	EndGlobalSection
	GlobalSection(ProjectConfigurationPlatforms) = postSolution
		{82578572-111E-4200-AEFC-ED03F1F75FF8}.Debug|Any CPU.ActiveCfg = Debug|Any CPU
		{82578572-111E-4200-AEFC-ED03F1F75FF8}.Debug|Any CPU.Build.0 = Debug|Any CPU
		{82578572-111E-4200-AEFC-ED03F1F75FF8}.Release|Any CPU.ActiveCfg = Release|Any CPU
		{82578572-111E-4200-AEFC-ED03F1F75FF8}.Release|Any CPU.Build.0 = Release|Any CPU
		{EDF4556F-59F3-4250-94C2-D93ADEC027D9}.Debug|Any CPU.ActiveCfg = Debug|Any CPU
		{EDF4556F-59F3-4250-94C2-D93ADEC027D9}.Debug|Any CPU.Build.0 = Debug|Any CPU
		{EDF4556F-59F3-4250-94C2-D93ADEC027D9}.Release|Any CPU.ActiveCfg = Release|Any CPU
		{EDF4556F-59F3-4250-94C2-D93ADEC027D9}.Release|Any CPU.Build.0 = Release|Any CPU
		{9082874F-CEC2-4689-9F79-C980A2ED33BC}.Debug|Any CPU.ActiveCfg = Debug|Any CPU
		{9082874F-CEC2-4689-9F79-C980A2ED33BC}.Debug|Any CPU.Build.0 = Debug|Any CPU
		{9082874F-CEC2-4689-9F79-C980A2ED33BC}.Release|Any CPU.ActiveCfg = Release|Any CPU
		{9082874F-CEC2-4689-9F79-C980A2ED33BC}.Release|Any CPU.Build.0 = Release|Any CPU
		{5671F9E1-361C-4541-8CC2-35041DC31B02}.Debug|Any CPU.ActiveCfg = Debug|Any CPU
		{5671F9E1-361C-4541-8CC2-35041DC31B02}.Debug|Any CPU.Build.0 = Debug|Any CPU
		{5671F9E1-361C-4541-8CC2-35041DC31B02}.Release|Any CPU.ActiveCfg = Release|Any CPU
		{5671F9E1-361C-4541-8CC2-35041DC31B02}.Release|Any CPU.Build.0 = Release|Any CPU
	EndGlobalSection
	GlobalSection(NestedProjects) = preSolution
		{82578572-111E-4200-AEFC-ED03F1F75FF8} = {2B57EEB0-3C21-4576-8E9B-E766A616023B}
		{EDF4556F-59F3-4250-94C2-D93ADEC027D9} = {2B57EEB0-3C21-4576-8E9B-E766A616023B}
		{9082874F-CEC2-4689-9F79-C980A2ED33BC} = {2B57EEB0-3C21-4576-8E9B-E766A616023B}
		{5671F9E1-361C-4541-8CC2-35041DC31B02} = {2B57EEB0-3C21-4576-8E9B-E766A616023B}
	EndGlobalSection
EndGlobal
