
Microsoft Visual Studio Solution File, Format Version 12.00
Project("{FAE04EC0-301F-11D3-BF4B-00C04F79EFBC}") = "Katas", "src\Katas\Katas.csproj", "{82578572-111E-4200-AEFC-ED03F1F75FF8}"
EndProject
Project("{2150E333-8FDC-42A3-9474-1A3956D46DE8}") = "src", "src", "{2B57EEB0-3C21-4576-8E9B-E766A616023B}"
EndProject
Project("{FAE04EC0-301F-11D3-BF4B-00C04F79EFBC}") = "Katas.Tests", "src\Katas.Tests\Katas.Tests.csproj", "{EDF4556F-59F3-4250-94C2-D93ADEC027D9}"
EndProject
Project("{FAE04EC0-301F-11D3-BF4B-00C04F79EFBC}") = "Tennis", "src\Tennis\Tennis.csproj", "{982855FE-CF5D-42BE-97E5-C26CE40D7ED4}"
EndProject
Project("{FAE04EC0-301F-11D3-BF4B-00C04F79EFBC}") = "Tennis.Tests", "src\Tennis.Tests\Tennis.Tests.csproj", "{83DB3838-2E33-47F3-8384-45F21B55A891}"
EndProject
Global
	GlobalSection(SolutionConfigurationPlatforms) = preSolution
		Debug|Any CPU = Debug|Any CPU
		Release|Any CPU = Release|Any CPU
	EndGlobalSection
	GlobalSection(ProjectConfigurationPlatforms) = postSolution
		{82578572-111E-4200-AEFC-ED03F1F75FF8}.Debug|Any CPU.ActiveCfg = Debug|Any CPU
		{82578572-111E-4200-AEFC-ED03F1F75FF8}.Debug|Any CPU.Build.0 = Debug|Any CPU
		{82578572-111E-4200-AEFC-ED03F1F75FF8}.Release|Any CPU.ActiveCfg = Release|Any CPU
		{82578572-111E-4200-AEFC-ED03F1F75FF8}.Release|Any CPU.Build.0 = Release|Any CPU
		{EDF4556F-59F3-4250-94C2-D93ADEC027D9}.Debug|Any CPU.ActiveCfg = Debug|Any CPU
		{EDF4556F-59F3-4250-94C2-D93ADEC027D9}.Debug|Any CPU.Build.0 = Debug|Any CPU
		{EDF4556F-59F3-4250-94C2-D93ADEC027D9}.Release|Any CPU.ActiveCfg = Release|Any CPU
		{EDF4556F-59F3-4250-94C2-D93ADEC027D9}.Release|Any CPU.Build.0 = Release|Any CPU
		{982855FE-CF5D-42BE-97E5-C26CE40D7ED4}.Debug|Any CPU.ActiveCfg = Debug|Any CPU
		{982855FE-CF5D-42BE-97E5-C26CE40D7ED4}.Debug|Any CPU.Build.0 = Debug|Any CPU
		{982855FE-CF5D-42BE-97E5-C26CE40D7ED4}.Release|Any CPU.ActiveCfg = Release|Any CPU
		{982855FE-CF5D-42BE-97E5-C26CE40D7ED4}.Release|Any CPU.Build.0 = Release|Any CPU
		{83DB3838-2E33-47F3-8384-45F21B55A891}.Debug|Any CPU.ActiveCfg = Debug|Any CPU
		{83DB3838-2E33-47F3-8384-45F21B55A891}.Debug|Any CPU.Build.0 = Debug|Any CPU
		{83DB3838-2E33-47F3-8384-45F21B55A891}.Release|Any CPU.ActiveCfg = Release|Any CPU
		{83DB3838-2E33-47F3-8384-45F21B55A891}.Release|Any CPU.Build.0 = Release|Any CPU
	EndGlobalSection
	GlobalSection(NestedProjects) = preSolution
		{82578572-111E-4200-AEFC-ED03F1F75FF8} = {2B57EEB0-3C21-4576-8E9B-E766A616023B}
		{EDF4556F-59F3-4250-94C2-D93ADEC027D9} = {2B57EEB0-3C21-4576-8E9B-E766A616023B}
		{982855FE-CF5D-42BE-97E5-C26CE40D7ED4} = {2B57EEB0-3C21-4576-8E9B-E766A616023B}
		{83DB3838-2E33-47F3-8384-45F21B55A891} = {2B57EEB0-3C21-4576-8E9B-E766A616023B}
	EndGlobalSection
EndGlobal
